
Microsoft Visual Studio Solution File, Format Version 12.00
# Visual Studio Version 17
VisualStudioVersion = 17.3.32929.385
MinimumVisualStudioVersion = 10.0.40219.1
Project("{FAE04EC0-301F-11D3-BF4B-00C04F79EFBC}") = "SurveyAnalyzer", "SurveyAnalyzer\SurveyAnalyzer.csproj", "{139A5609-70F7-4627-9432-0208E116B0B3}"
EndProject
Global
	GlobalSection(SolutionConfigurationPlatforms) = preSolution
		Debug|Any CPU = Debug|Any CPU
		Release|Any CPU = Release|Any CPU
	EndGlobalSection
	GlobalSection(ProjectConfigurationPlatforms) = postSolution
		{139A5609-70F7-4627-9432-0208E116B0B3}.Debug|Any CPU.ActiveCfg = Debug|Any CPU
		{139A5609-70F7-4627-9432-0208E116B0B3}.Debug|Any CPU.Build.0 = Debug|Any CPU
		{139A5609-70F7-4627-9432-0208E116B0B3}.Release|Any CPU.ActiveCfg = Release|Any CPU
		{139A5609-70F7-4627-9432-0208E116B0B3}.Release|Any CPU.Build.0 = Release|Any CPU
	EndGlobalSection
	GlobalSection(SolutionProperties) = preSolution
		HideSolutionNode = FALSE
	EndGlobalSection
	GlobalSection(ExtensibilityGlobals) = postSolution
		SolutionGuid = {52BFABA6-5D18-4E61-8609-64F9F9F2B155}
	EndGlobalSection
EndGlobal
